PODS:
  - appcenter-analytics (4.4.5):
    - AppCenter/Analytics (~> 4.0)
    - AppCenterReactNativeShared (~> 4.0)
    - React-Core
  - appcenter-core (4.4.5):
    - AppCenterReactNativeShared (~> 4.0)
    - React-Core
  - appcenter-crashes (4.4.5):
    - AppCenter/Crashes (~> 4.0)
    - AppCenterReactNativeShared (~> 4.0)
    - React-Core
  - AppCenter/Analytics (4.4.3):
    - AppCenter/Core
  - AppCenter/Core (4.4.3)
  - AppCenter/Crashes (4.4.3):
    - AppCenter/Core
  - AppCenterReactNativeShared (4.4.5):
    - AppCenter/Core (= 4.4.3)
  - Base64 (1.1.2)
  - boost (1.76.0)
  - CodePush (7.1.0):
    - Base64 (~> 1.1)
    - JWT (~> 3.0.0-beta.12)
    - React-Core
    - SSZipArchive (~> 2.2.2)
  - DoubleConversion (1.1.6)
  - EXApplication (5.0.1):
    - ExpoModulesCore
  - EXBackgroundFetch (11.0.1):
    - ExpoModulesCore
  - EXCalendar (11.0.1):
    - ExpoModulesCore
  - EXConstants (14.0.2):
    - ExpoModulesCore
  - EXFileSystem (15.1.1):
    - ExpoModulesCore
  - EXNotifications (0.17.0):
    - ExpoModulesCore
  - Expo (47.0.13):
    - ExpoModulesCore
  - ExpoHaptics (12.0.1):
    - ExpoModulesCore
  - ExpoModulesCore (1.1.1):
    - React-Core
    - React-RCTAppDelegate
    - ReactCommon/turbomodule/core
  - EXSecureStore (12.0.0):
    - ExpoModulesCore
  - EXTaskManager (11.0.1):
    - ExpoModulesCore
    - UMAppLoader
  - FBLazyVector (0.71.1)
  - FBReactNativeSpec (0.71.1):
    - RCT-Folly (= 2021.07.22.00)
    - RCTRequired (= 0.71.1)
    - RCTTypeSafety (= 0.71.1)
    - React-Core (= 0.71.1)
    - React-jsi (= 0.71.1)
    - ReactCommon/turbomodule/core (= 0.71.1)
  - fmt (6.2.1)
  - glog (0.3.5)
  - hermes-engine (0.71.1):
    - hermes-engine/Pre-built (= 0.71.1)
  - hermes-engine/Pre-built (0.71.1)
  - Interactable (2.0.1):
    - React
  - JWT (3.0.0-beta.14):
    - Base64 (~> 1.1.2)
  - libevent (2.1.12)
  - RCT-Folly (2021.07.22.00):
    - boost
    - DoubleConversion
    - fmt (~> 6.2.1)
    - glog
    - RCT-Folly/Default (= 2021.07.22.00)
  - RCT-Folly/Default (2021.07.22.00):
    - boost
    - DoubleConversion
    - fmt (~> 6.2.1)
    - glog
  - RCT-Folly/Fabric (2021.07.22.00):
    - boost
    - DoubleConversion
    - fmt (~> 6.2.1)
    - glog
  - RCT-Folly/Futures (2021.07.22.00):
    - boost
    - DoubleConversion
    - fmt (~> 6.2.1)
    - glog
    - libevent
  - RCTRequired (0.71.1)
  - RCTTypeSafety (0.71.1):
    - FBLazyVector (= 0.71.1)
    - RCTRequired (= 0.71.1)
    - React-Core (= 0.71.1)
  - React (0.71.1):
    - React-Core (= 0.71.1)
    - React-Core/DevSupport (= 0.71.1)
    - React-Core/RCTWebSocket (= 0.71.1)
    - React-RCTActionSheet (= 0.71.1)
    - React-RCTAnimation (= 0.71.1)
    - React-RCTBlob (= 0.71.1)
    - React-RCTImage (= 0.71.1)
    - React-RCTLinking (= 0.71.1)
    - React-RCTNetwork (= 0.71.1)
    - React-RCTSettings (= 0.71.1)
    - React-RCTText (= 0.71.1)
    - React-RCTVibration (= 0.71.1)
  - React-callinvoker (0.71.1)
  - React-Codegen (0.71.1):
    - FBReactNativeSpec
    - hermes-engine
    - RCT-Folly
    - RCTRequired
    - RCTTypeSafety
    - React-Core
    - React-graphics
    - React-jsi
    - React-jsiexecutor
    - React-rncore
    - ReactCommon/turbomodule/bridging
    - ReactCommon/turbomodule/core
  - React-Core (0.71.1):
    - glog
    - RCT-Folly (= 2021.07.22.00)
    - React-Core/Default (= 0.71.1)
    - React-cxxreact (= 0.71.1)
    - React-jsi (= 0.71.1)
    - React-jsiexecutor (= 0.71.1)
    - React-perflogger (= 0.71.1)
    - Yoga
  - React-Core/CoreModulesHeaders (0.71.1):
    - glog
    - RCT-Folly (= 2021.07.22.00)
    - React-Core/Default
    - React-cxxreact (= 0.71.1)
    - React-jsi (= 0.71.1)
    - React-jsiexecutor (= 0.71.1)
    - React-perflogger (= 0.71.1)
    - Yoga
  - React-Core/Default (0.71.1):
    - glog
    - RCT-Folly (= 2021.07.22.00)
    - React-cxxreact (= 0.71.1)
    - React-jsi (= 0.71.1)
    - React-jsiexecutor (= 0.71.1)
    - React-perflogger (= 0.71.1)
    - Yoga
  - React-Core/DevSupport (0.71.1):
    - glog
    - RCT-Folly (= 2021.07.22.00)
    - React-Core/Default (= 0.71.1)
    - React-Core/RCTWebSocket (= 0.71.1)
    - React-cxxreact (= 0.71.1)
    - React-jsi (= 0.71.1)
    - React-jsiexecutor (= 0.71.1)
    - React-jsinspector (= 0.71.1)
    - React-perflogger (= 0.71.1)
    - Yoga
  - React-Core/RCTActionSheetHeaders (0.71.1):
    - glog
    - RCT-Folly (= 2021.07.22.00)
    - React-Core/Default
    - React-cxxreact (= 0.71.1)
    - React-jsi (= 0.71.1)
    - React-jsiexecutor (= 0.71.1)
    - React-perflogger (= 0.71.1)
    - Yoga
  - React-Core/RCTAnimationHeaders (0.71.1):
    - glog
    - RCT-Folly (= 2021.07.22.00)
    - React-Core/Default
    - React-cxxreact (= 0.71.1)
    - React-jsi (= 0.71.1)
    - React-jsiexecutor (= 0.71.1)
    - React-perflogger (= 0.71.1)
    - Yoga
  - React-Core/RCTBlobHeaders (0.71.1):
    - glog
    - RCT-Folly (= 2021.07.22.00)
    - React-Core/Default
    - React-cxxreact (= 0.71.1)
    - React-jsi (= 0.71.1)
    - React-jsiexecutor (= 0.71.1)
    - React-perflogger (= 0.71.1)
    - Yoga
  - React-Core/RCTImageHeaders (0.71.1):
    - glog
    - RCT-Folly (= 2021.07.22.00)
    - React-Core/Default
    - React-cxxreact (= 0.71.1)
    - React-jsi (= 0.71.1)
    - React-jsiexecutor (= 0.71.1)
    - React-perflogger (= 0.71.1)
    - Yoga
  - React-Core/RCTLinkingHeaders (0.71.1):
    - glog
    - RCT-Folly (= 2021.07.22.00)
    - React-Core/Default
    - React-cxxreact (= 0.71.1)
    - React-jsi (= 0.71.1)
    - React-jsiexecutor (= 0.71.1)
    - React-perflogger (= 0.71.1)
    - Yoga
  - React-Core/RCTNetworkHeaders (0.71.1):
    - glog
    - RCT-Folly (= 2021.07.22.00)
    - React-Core/Default
    - React-cxxreact (= 0.71.1)
    - React-jsi (= 0.71.1)
    - React-jsiexecutor (= 0.71.1)
    - React-perflogger (= 0.71.1)
    - Yoga
  - React-Core/RCTSettingsHeaders (0.71.1):
    - glog
    - RCT-Folly (= 2021.07.22.00)
    - React-Core/Default
    - React-cxxreact (= 0.71.1)
    - React-jsi (= 0.71.1)
    - React-jsiexecutor (= 0.71.1)
    - React-perflogger (= 0.71.1)
    - Yoga
  - React-Core/RCTTextHeaders (0.71.1):
    - glog
    - RCT-Folly (= 2021.07.22.00)
    - React-Core/Default
    - React-cxxreact (= 0.71.1)
    - React-jsi (= 0.71.1)
    - React-jsiexecutor (= 0.71.1)
    - React-perflogger (= 0.71.1)
    - Yoga
  - React-Core/RCTVibrationHeaders (0.71.1):
    - glog
    - RCT-Folly (= 2021.07.22.00)
    - React-Core/Default
    - React-cxxreact (= 0.71.1)
    - React-jsi (= 0.71.1)
    - React-jsiexecutor (= 0.71.1)
    - React-perflogger (= 0.71.1)
    - Yoga
  - React-Core/RCTWebSocket (0.71.1):
    - glog
    - RCT-Folly (= 2021.07.22.00)
    - React-Core/Default (= 0.71.1)
    - React-cxxreact (= 0.71.1)
    - React-jsi (= 0.71.1)
    - React-jsiexecutor (= 0.71.1)
    - React-perflogger (= 0.71.1)
    - Yoga
  - React-CoreModules (0.71.1):
    - RCT-Folly (= 2021.07.22.00)
    - RCTTypeSafety (= 0.71.1)
    - React-Codegen (= 0.71.1)
    - React-Core/CoreModulesHeaders (= 0.71.1)
    - React-jsi (= 0.71.1)
    - React-RCTImage (= 0.71.1)
    - ReactCommon/turbomodule/core (= 0.71.1)
  - React-cxxreact (0.71.1):
    - boost (= 1.76.0)
    - DoubleConversion
    - glog
    - RCT-Folly (= 2021.07.22.00)
    - React-callinvoker (= 0.71.1)
    - React-jsi (= 0.71.1)
    - React-jsinspector (= 0.71.1)
    - React-logger (= 0.71.1)
    - React-perflogger (= 0.71.1)
    - React-runtimeexecutor (= 0.71.1)
  - React-Fabric (0.71.1):
    - RCT-Folly/Fabric (= 2021.07.22.00)
    - RCTRequired (= 0.71.1)
    - RCTTypeSafety (= 0.71.1)
    - React-Fabric/animations (= 0.71.1)
    - React-Fabric/attributedstring (= 0.71.1)
    - React-Fabric/butter (= 0.71.1)
    - React-Fabric/componentregistry (= 0.71.1)
    - React-Fabric/componentregistrynative (= 0.71.1)
    - React-Fabric/components (= 0.71.1)
    - React-Fabric/config (= 0.71.1)
    - React-Fabric/core (= 0.71.1)
    - React-Fabric/debug_core (= 0.71.1)
    - React-Fabric/debug_renderer (= 0.71.1)
    - React-Fabric/imagemanager (= 0.71.1)
    - React-Fabric/leakchecker (= 0.71.1)
    - React-Fabric/mapbuffer (= 0.71.1)
    - React-Fabric/mounting (= 0.71.1)
    - React-Fabric/runtimescheduler (= 0.71.1)
    - React-Fabric/scheduler (= 0.71.1)
    - React-Fabric/telemetry (= 0.71.1)
    - React-Fabric/templateprocessor (= 0.71.1)
    - React-Fabric/textlayoutmanager (= 0.71.1)
    - React-Fabric/uimanager (= 0.71.1)
    - React-Fabric/utils (= 0.71.1)
    - React-graphics (= 0.71.1)
    - React-jsi (= 0.71.1)
    - React-jsiexecutor (= 0.71.1)
    - ReactCommon/turbomodule/core (= 0.71.1)
  - React-Fabric/animations (0.71.1):
    - RCT-Folly/Fabric (= 2021.07.22.00)
    - RCTRequired (= 0.71.1)
    - RCTTypeSafety (= 0.71.1)
    - React-graphics (= 0.71.1)
    - React-jsi (= 0.71.1)
    - React-jsiexecutor (= 0.71.1)
    - ReactCommon/turbomodule/core (= 0.71.1)
  - React-Fabric/attributedstring (0.71.1):
    - RCT-Folly/Fabric (= 2021.07.22.00)
    - RCTRequired (= 0.71.1)
    - RCTTypeSafety (= 0.71.1)
    - React-graphics (= 0.71.1)
    - React-jsi (= 0.71.1)
    - React-jsiexecutor (= 0.71.1)
    - ReactCommon/turbomodule/core (= 0.71.1)
  - React-Fabric/butter (0.71.1):
    - RCT-Folly/Fabric (= 2021.07.22.00)
    - RCTRequired (= 0.71.1)
    - RCTTypeSafety (= 0.71.1)
    - React-graphics (= 0.71.1)
    - React-jsi (= 0.71.1)
    - React-jsiexecutor (= 0.71.1)
    - ReactCommon/turbomodule/core (= 0.71.1)
  - React-Fabric/componentregistry (0.71.1):
    - RCT-Folly/Fabric (= 2021.07.22.00)
    - RCTRequired (= 0.71.1)
    - RCTTypeSafety (= 0.71.1)
    - React-graphics (= 0.71.1)
    - React-jsi (= 0.71.1)
    - React-jsiexecutor (= 0.71.1)
    - ReactCommon/turbomodule/core (= 0.71.1)
  - React-Fabric/componentregistrynative (0.71.1):
    - RCT-Folly/Fabric (= 2021.07.22.00)
    - RCTRequired (= 0.71.1)
    - RCTTypeSafety (= 0.71.1)
    - React-graphics (= 0.71.1)
    - React-jsi (= 0.71.1)
    - React-jsiexecutor (= 0.71.1)
    - ReactCommon/turbomodule/core (= 0.71.1)
  - React-Fabric/components (0.71.1):
    - RCT-Folly/Fabric (= 2021.07.22.00)
    - RCTRequired (= 0.71.1)
    - RCTTypeSafety (= 0.71.1)
    - React-Fabric/components/activityindicator (= 0.71.1)
    - React-Fabric/components/image (= 0.71.1)
    - React-Fabric/components/inputaccessory (= 0.71.1)
    - React-Fabric/components/legacyviewmanagerinterop (= 0.71.1)
    - React-Fabric/components/modal (= 0.71.1)
    - React-Fabric/components/root (= 0.71.1)
    - React-Fabric/components/safeareaview (= 0.71.1)
    - React-Fabric/components/scrollview (= 0.71.1)
    - React-Fabric/components/slider (= 0.71.1)
    - React-Fabric/components/text (= 0.71.1)
    - React-Fabric/components/textinput (= 0.71.1)
    - React-Fabric/components/unimplementedview (= 0.71.1)
    - React-Fabric/components/view (= 0.71.1)
    - React-graphics (= 0.71.1)
    - React-jsi (= 0.71.1)
    - React-jsiexecutor (= 0.71.1)
    - ReactCommon/turbomodule/core (= 0.71.1)
  - React-Fabric/components/activityindicator (0.71.1):
    - RCT-Folly/Fabric (= 2021.07.22.00)
    - RCTRequired (= 0.71.1)
    - RCTTypeSafety (= 0.71.1)
    - React-graphics (= 0.71.1)
    - React-jsi (= 0.71.1)
    - React-jsiexecutor (= 0.71.1)
    - ReactCommon/turbomodule/core (= 0.71.1)
  - React-Fabric/components/image (0.71.1):
    - RCT-Folly/Fabric (= 2021.07.22.00)
    - RCTRequired (= 0.71.1)
    - RCTTypeSafety (= 0.71.1)
    - React-graphics (= 0.71.1)
    - React-jsi (= 0.71.1)
    - React-jsiexecutor (= 0.71.1)
    - ReactCommon/turbomodule/core (= 0.71.1)
  - React-Fabric/components/inputaccessory (0.71.1):
    - RCT-Folly/Fabric (= 2021.07.22.00)
    - RCTRequired (= 0.71.1)
    - RCTTypeSafety (= 0.71.1)
    - React-graphics (= 0.71.1)
    - React-jsi (= 0.71.1)
    - React-jsiexecutor (= 0.71.1)
    - ReactCommon/turbomodule/core (= 0.71.1)
  - React-Fabric/components/legacyviewmanagerinterop (0.71.1):
    - RCT-Folly/Fabric (= 2021.07.22.00)
    - RCTRequired (= 0.71.1)
    - RCTTypeSafety (= 0.71.1)
    - React-graphics (= 0.71.1)
    - React-jsi (= 0.71.1)
    - React-jsiexecutor (= 0.71.1)
    - ReactCommon/turbomodule/core (= 0.71.1)
  - React-Fabric/components/modal (0.71.1):
    - RCT-Folly/Fabric (= 2021.07.22.00)
    - RCTRequired (= 0.71.1)
    - RCTTypeSafety (= 0.71.1)
    - React-graphics (= 0.71.1)
    - React-jsi (= 0.71.1)
    - React-jsiexecutor (= 0.71.1)
    - ReactCommon/turbomodule/core (= 0.71.1)
  - React-Fabric/components/root (0.71.1):
    - RCT-Folly/Fabric (= 2021.07.22.00)
    - RCTRequired (= 0.71.1)
    - RCTTypeSafety (= 0.71.1)
    - React-graphics (= 0.71.1)
    - React-jsi (= 0.71.1)
    - React-jsiexecutor (= 0.71.1)
    - ReactCommon/turbomodule/core (= 0.71.1)
  - React-Fabric/components/safeareaview (0.71.1):
    - RCT-Folly/Fabric (= 2021.07.22.00)
    - RCTRequired (= 0.71.1)
    - RCTTypeSafety (= 0.71.1)
    - React-graphics (= 0.71.1)
    - React-jsi (= 0.71.1)
    - React-jsiexecutor (= 0.71.1)
    - ReactCommon/turbomodule/core (= 0.71.1)
  - React-Fabric/components/scrollview (0.71.1):
    - RCT-Folly/Fabric (= 2021.07.22.00)
    - RCTRequired (= 0.71.1)
    - RCTTypeSafety (= 0.71.1)
    - React-graphics (= 0.71.1)
    - React-jsi (= 0.71.1)
    - React-jsiexecutor (= 0.71.1)
    - ReactCommon/turbomodule/core (= 0.71.1)
  - React-Fabric/components/slider (0.71.1):
    - RCT-Folly/Fabric (= 2021.07.22.00)
    - RCTRequired (= 0.71.1)
    - RCTTypeSafety (= 0.71.1)
    - React-graphics (= 0.71.1)
    - React-jsi (= 0.71.1)
    - React-jsiexecutor (= 0.71.1)
    - ReactCommon/turbomodule/core (= 0.71.1)
  - React-Fabric/components/text (0.71.1):
    - RCT-Folly/Fabric (= 2021.07.22.00)
    - RCTRequired (= 0.71.1)
    - RCTTypeSafety (= 0.71.1)
    - React-graphics (= 0.71.1)
    - React-jsi (= 0.71.1)
    - React-jsiexecutor (= 0.71.1)
    - ReactCommon/turbomodule/core (= 0.71.1)
  - React-Fabric/components/textinput (0.71.1):
    - RCT-Folly/Fabric (= 2021.07.22.00)
    - RCTRequired (= 0.71.1)
    - RCTTypeSafety (= 0.71.1)
    - React-graphics (= 0.71.1)
    - React-jsi (= 0.71.1)
    - React-jsiexecutor (= 0.71.1)
    - ReactCommon/turbomodule/core (= 0.71.1)
  - React-Fabric/components/unimplementedview (0.71.1):
    - RCT-Folly/Fabric (= 2021.07.22.00)
    - RCTRequired (= 0.71.1)
    - RCTTypeSafety (= 0.71.1)
    - React-graphics (= 0.71.1)
    - React-jsi (= 0.71.1)
    - React-jsiexecutor (= 0.71.1)
    - ReactCommon/turbomodule/core (= 0.71.1)
  - React-Fabric/components/view (0.71.1):
    - RCT-Folly/Fabric (= 2021.07.22.00)
    - RCTRequired (= 0.71.1)
    - RCTTypeSafety (= 0.71.1)
    - React-graphics (= 0.71.1)
    - React-jsi (= 0.71.1)
    - React-jsiexecutor (= 0.71.1)
    - ReactCommon/turbomodule/core (= 0.71.1)
    - Yoga
  - React-Fabric/config (0.71.1):
    - RCT-Folly/Fabric (= 2021.07.22.00)
    - RCTRequired (= 0.71.1)
    - RCTTypeSafety (= 0.71.1)
    - React-graphics (= 0.71.1)
    - React-jsi (= 0.71.1)
    - React-jsiexecutor (= 0.71.1)
    - ReactCommon/turbomodule/core (= 0.71.1)
  - React-Fabric/core (0.71.1):
    - RCT-Folly/Fabric (= 2021.07.22.00)
    - RCTRequired (= 0.71.1)
    - RCTTypeSafety (= 0.71.1)
    - React-graphics (= 0.71.1)
    - React-jsi (= 0.71.1)
    - React-jsiexecutor (= 0.71.1)
    - ReactCommon/turbomodule/core (= 0.71.1)
  - React-Fabric/debug_core (0.71.1):
    - RCT-Folly/Fabric (= 2021.07.22.00)
    - RCTRequired (= 0.71.1)
    - RCTTypeSafety (= 0.71.1)
    - React-graphics (= 0.71.1)
    - React-jsi (= 0.71.1)
    - React-jsiexecutor (= 0.71.1)
    - ReactCommon/turbomodule/core (= 0.71.1)
  - React-Fabric/debug_renderer (0.71.1):
    - RCT-Folly/Fabric (= 2021.07.22.00)
    - RCTRequired (= 0.71.1)
    - RCTTypeSafety (= 0.71.1)
    - React-graphics (= 0.71.1)
    - React-jsi (= 0.71.1)
    - React-jsiexecutor (= 0.71.1)
    - ReactCommon/turbomodule/core (= 0.71.1)
  - React-Fabric/imagemanager (0.71.1):
    - RCT-Folly/Fabric (= 2021.07.22.00)
    - RCTRequired (= 0.71.1)
    - RCTTypeSafety (= 0.71.1)
    - React-graphics (= 0.71.1)
    - React-jsi (= 0.71.1)
    - React-jsiexecutor (= 0.71.1)
    - React-RCTImage (= 0.71.1)
    - ReactCommon/turbomodule/core (= 0.71.1)
  - React-Fabric/leakchecker (0.71.1):
    - RCT-Folly/Fabric (= 2021.07.22.00)
    - RCTRequired (= 0.71.1)
    - RCTTypeSafety (= 0.71.1)
    - React-graphics (= 0.71.1)
    - React-jsi (= 0.71.1)
    - React-jsiexecutor (= 0.71.1)
    - ReactCommon/turbomodule/core (= 0.71.1)
  - React-Fabric/mapbuffer (0.71.1):
    - RCT-Folly/Fabric (= 2021.07.22.00)
    - RCTRequired (= 0.71.1)
    - RCTTypeSafety (= 0.71.1)
    - React-graphics (= 0.71.1)
    - React-jsi (= 0.71.1)
    - React-jsiexecutor (= 0.71.1)
    - ReactCommon/turbomodule/core (= 0.71.1)
  - React-Fabric/mounting (0.71.1):
    - RCT-Folly/Fabric (= 2021.07.22.00)
    - RCTRequired (= 0.71.1)
    - RCTTypeSafety (= 0.71.1)
    - React-graphics (= 0.71.1)
    - React-jsi (= 0.71.1)
    - React-jsiexecutor (= 0.71.1)
    - ReactCommon/turbomodule/core (= 0.71.1)
  - React-Fabric/runtimescheduler (0.71.1):
    - RCT-Folly/Fabric (= 2021.07.22.00)
    - RCTRequired (= 0.71.1)
    - RCTTypeSafety (= 0.71.1)
    - React-graphics (= 0.71.1)
    - React-jsi (= 0.71.1)
    - React-jsiexecutor (= 0.71.1)
    - ReactCommon/turbomodule/core (= 0.71.1)
  - React-Fabric/scheduler (0.71.1):
    - RCT-Folly/Fabric (= 2021.07.22.00)
    - RCTRequired (= 0.71.1)
    - RCTTypeSafety (= 0.71.1)
    - React-graphics (= 0.71.1)
    - React-jsi (= 0.71.1)
    - React-jsiexecutor (= 0.71.1)
    - ReactCommon/turbomodule/core (= 0.71.1)
  - React-Fabric/telemetry (0.71.1):
    - RCT-Folly/Fabric (= 2021.07.22.00)
    - RCTRequired (= 0.71.1)
    - RCTTypeSafety (= 0.71.1)
    - React-graphics (= 0.71.1)
    - React-jsi (= 0.71.1)
    - React-jsiexecutor (= 0.71.1)
    - ReactCommon/turbomodule/core (= 0.71.1)
  - React-Fabric/templateprocessor (0.71.1):
    - RCT-Folly/Fabric (= 2021.07.22.00)
    - RCTRequired (= 0.71.1)
    - RCTTypeSafety (= 0.71.1)
    - React-graphics (= 0.71.1)
    - React-jsi (= 0.71.1)
    - React-jsiexecutor (= 0.71.1)
    - ReactCommon/turbomodule/core (= 0.71.1)
  - React-Fabric/textlayoutmanager (0.71.1):
    - RCT-Folly/Fabric (= 2021.07.22.00)
    - RCTRequired (= 0.71.1)
    - RCTTypeSafety (= 0.71.1)
    - React-Fabric/uimanager
    - React-graphics (= 0.71.1)
    - React-jsi (= 0.71.1)
    - React-jsiexecutor (= 0.71.1)
    - ReactCommon/turbomodule/core (= 0.71.1)
  - React-Fabric/uimanager (0.71.1):
    - RCT-Folly/Fabric (= 2021.07.22.00)
    - RCTRequired (= 0.71.1)
    - RCTTypeSafety (= 0.71.1)
    - React-graphics (= 0.71.1)
    - React-jsi (= 0.71.1)
    - React-jsiexecutor (= 0.71.1)
    - ReactCommon/turbomodule/core (= 0.71.1)
  - React-Fabric/utils (0.71.1):
    - RCT-Folly/Fabric (= 2021.07.22.00)
    - RCTRequired (= 0.71.1)
    - RCTTypeSafety (= 0.71.1)
    - React-graphics (= 0.71.1)
    - React-jsi (= 0.71.1)
    - React-jsiexecutor (= 0.71.1)
    - ReactCommon/turbomodule/core (= 0.71.1)
  - React-graphics (0.71.1):
    - RCT-Folly/Fabric (= 2021.07.22.00)
    - React-Core/Default (= 0.71.1)
  - React-hermes (0.71.1):
    - DoubleConversion
    - glog
    - hermes-engine
    - RCT-Folly (= 2021.07.22.00)
    - RCT-Folly/Futures (= 2021.07.22.00)
    - React-cxxreact (= 0.71.1)
    - React-jsiexecutor (= 0.71.1)
    - React-jsinspector (= 0.71.1)
    - React-perflogger (= 0.71.1)
  - React-jsi (0.71.1):
    - boost (= 1.76.0)
    - DoubleConversion
    - glog
    - hermes-engine
    - RCT-Folly (= 2021.07.22.00)
  - React-jsiexecutor (0.71.1):
    - DoubleConversion
    - glog
    - RCT-Folly (= 2021.07.22.00)
    - React-cxxreact (= 0.71.1)
    - React-jsi (= 0.71.1)
    - React-perflogger (= 0.71.1)
  - React-jsinspector (0.71.1)
  - React-logger (0.71.1):
    - glog
  - react-native-document-picker (8.1.3):
    - React-Core
  - react-native-pager-view (6.1.2):
    - React-Core
  - react-native-safe-area-context (4.5.0):
    - RCT-Folly
    - RCTRequired
    - RCTTypeSafety
    - React-Core
    - ReactCommon/turbomodule/core
  - react-native-webview (11.26.1):
    - React-Core
  - React-perflogger (0.71.1)
  - React-RCTActionSheet (0.71.1):
    - React-Core/RCTActionSheetHeaders (= 0.71.1)
  - React-RCTAnimation (0.71.1):
    - RCT-Folly (= 2021.07.22.00)
    - RCTTypeSafety (= 0.71.1)
    - React-Codegen (= 0.71.1)
    - React-Core/RCTAnimationHeaders (= 0.71.1)
    - React-jsi (= 0.71.1)
    - ReactCommon/turbomodule/core (= 0.71.1)
  - React-RCTAppDelegate (0.71.1):
    - RCT-Folly
    - RCTRequired
    - RCTTypeSafety
    - React-Core
    - ReactCommon/turbomodule/core
  - React-RCTBlob (0.71.1):
    - RCT-Folly (= 2021.07.22.00)
    - React-Codegen (= 0.71.1)
    - React-Core/RCTBlobHeaders (= 0.71.1)
    - React-Core/RCTWebSocket (= 0.71.1)
    - React-jsi (= 0.71.1)
    - React-RCTNetwork (= 0.71.1)
    - ReactCommon/turbomodule/core (= 0.71.1)
  - React-RCTFabric (0.71.1):
    - RCT-Folly/Fabric (= 2021.07.22.00)
    - React-Core (= 0.71.1)
    - React-Fabric (= 0.71.1)
    - React-RCTImage (= 0.71.1)
  - React-RCTImage (0.71.1):
    - RCT-Folly (= 2021.07.22.00)
    - RCTTypeSafety (= 0.71.1)
    - React-Codegen (= 0.71.1)
    - React-Core/RCTImageHeaders (= 0.71.1)
    - React-jsi (= 0.71.1)
    - React-RCTNetwork (= 0.71.1)
    - ReactCommon/turbomodule/core (= 0.71.1)
  - React-RCTLinking (0.71.1):
    - React-Codegen (= 0.71.1)
    - React-Core/RCTLinkingHeaders (= 0.71.1)
    - React-jsi (= 0.71.1)
    - ReactCommon/turbomodule/core (= 0.71.1)
  - React-RCTNetwork (0.71.1):
    - RCT-Folly (= 2021.07.22.00)
    - RCTTypeSafety (= 0.71.1)
    - React-Codegen (= 0.71.1)
    - React-Core/RCTNetworkHeaders (= 0.71.1)
    - React-jsi (= 0.71.1)
    - ReactCommon/turbomodule/core (= 0.71.1)
  - React-RCTSettings (0.71.1):
    - RCT-Folly (= 2021.07.22.00)
    - RCTTypeSafety (= 0.71.1)
    - React-Codegen (= 0.71.1)
    - React-Core/RCTSettingsHeaders (= 0.71.1)
    - React-jsi (= 0.71.1)
    - ReactCommon/turbomodule/core (= 0.71.1)
  - React-RCTText (0.71.1):
    - React-Core/RCTTextHeaders (= 0.71.1)
  - React-RCTVibration (0.71.1):
    - RCT-Folly (= 2021.07.22.00)
    - React-Codegen (= 0.71.1)
    - React-Core/RCTVibrationHeaders (= 0.71.1)
    - React-jsi (= 0.71.1)
    - ReactCommon/turbomodule/core (= 0.71.1)
  - React-rncore (0.71.1)
  - React-runtimeexecutor (0.71.1):
    - React-jsi (= 0.71.1)
  - ReactCommon/turbomodule/bridging (0.71.1):
    - DoubleConversion
    - glog
    - RCT-Folly (= 2021.07.22.00)
    - React-callinvoker (= 0.71.1)
    - React-Core (= 0.71.1)
    - React-cxxreact (= 0.71.1)
    - React-jsi (= 0.71.1)
    - React-logger (= 0.71.1)
    - React-perflogger (= 0.71.1)
  - ReactCommon/turbomodule/core (0.71.1):
    - DoubleConversion
    - glog
    - RCT-Folly (= 2021.07.22.00)
    - React-callinvoker (= 0.71.1)
    - React-Core (= 0.71.1)
    - React-cxxreact (= 0.71.1)
    - React-jsi (= 0.71.1)
    - React-logger (= 0.71.1)
    - React-perflogger (= 0.71.1)
  - RNCAsyncStorage (1.17.11):
    - React-Core
  - RNCClipboard (1.11.1):
    - React-Core
  - RNDeviceInfo (10.3.0):
    - React-Core
  - RNFS (2.20.0):
    - React-Core
  - RNLocalize (2.2.4):
    - React-Core
  - RNReanimated (3.0.0-rc.10):
    - DoubleConversion
    - FBLazyVector
    - FBReactNativeSpec
    - glog
    - RCT-Folly
    - RCTRequired
    - RCTTypeSafety
    - React-callinvoker
    - React-Core
    - React-Core/DevSupport
    - React-Core/RCTWebSocket
    - React-CoreModules
    - React-cxxreact
    - React-jsi
    - React-jsiexecutor
    - React-jsinspector
    - React-RCTActionSheet
    - React-RCTAnimation
    - React-RCTBlob
    - React-RCTImage
    - React-RCTLinking
    - React-RCTNetwork
    - React-RCTSettings
    - React-RCTText
    - ReactCommon/turbomodule/core
    - Yoga
  - RNScreens (3.19.0):
    - React-Core
    - React-RCTImage
  - RNShare (8.1.0):
    - React-Core
  - RNVectorIcons (9.2.0):
    - React-Core
  - SSZipArchive (2.2.3)
  - UMAppLoader (4.0.0)
  - Yoga (1.14.0)

DEPENDENCIES:
  - appcenter-analytics (from `../node_modules/appcenter-analytics`)
  - appcenter-core (from `../node_modules/appcenter`)
  - appcenter-crashes (from `../node_modules/appcenter-crashes`)
  - boost (from `../node_modules/react-native/third-party-podspecs/boost.podspec`)
  - CodePush (from `../node_modules/react-native-code-push`)
  - DoubleConversion (from `../node_modules/react-native/third-party-podspecs/DoubleConversion.podspec`)
  - EXApplication (from `../node_modules/expo-application/ios`)
  - EXBackgroundFetch (from `../node_modules/expo-background-fetch/ios`)
  - EXCalendar (from `../node_modules/expo-calendar/ios`)
  - EXConstants (from `../node_modules/expo-constants/ios`)
  - EXFileSystem (from `../node_modules/expo-file-system/ios`)
  - EXNotifications (from `../node_modules/expo-notifications/ios`)
  - Expo (from `../node_modules/expo`)
  - ExpoHaptics (from `../node_modules/expo-haptics/ios`)
  - ExpoModulesCore (from `../node_modules/expo-modules-core`)
  - EXSecureStore (from `../node_modules/expo-secure-store/ios`)
  - EXTaskManager (from `../node_modules/expo-task-manager/ios`)
  - FBLazyVector (from `../node_modules/react-native/Libraries/FBLazyVector`)
  - FBReactNativeSpec (from `../node_modules/react-native/React/FBReactNativeSpec`)
  - glog (from `../node_modules/react-native/third-party-podspecs/glog.podspec`)
  - hermes-engine (from `../node_modules/react-native/sdks/hermes-engine/hermes-engine.podspec`)
  - Interactable (from `../node_modules/react-native-interactable`)
  - libevent (~> 2.1.12)
  - RCT-Folly (from `../node_modules/react-native/third-party-podspecs/RCT-Folly.podspec`)
  - RCT-Folly/Fabric (from `../node_modules/react-native/third-party-podspecs/RCT-Folly.podspec`)
  - RCTRequired (from `../node_modules/react-native/Libraries/RCTRequired`)
  - RCTTypeSafety (from `../node_modules/react-native/Libraries/TypeSafety`)
  - React (from `../node_modules/react-native/`)
  - React-callinvoker (from `../node_modules/react-native/ReactCommon/callinvoker`)
  - React-Codegen (from `build/generated/ios`)
  - React-Core (from `../node_modules/react-native/`)
  - React-Core/RCTWebSocket (from `../node_modules/react-native/`)
  - React-CoreModules (from `../node_modules/react-native/React/CoreModules`)
  - React-cxxreact (from `../node_modules/react-native/ReactCommon/cxxreact`)
  - React-Fabric (from `../node_modules/react-native/ReactCommon`)
  - React-graphics (from `../node_modules/react-native/ReactCommon/react/renderer/graphics`)
  - React-hermes (from `../node_modules/react-native/ReactCommon/hermes`)
  - React-jsi (from `../node_modules/react-native/ReactCommon/jsi`)
  - React-jsiexecutor (from `../node_modules/react-native/ReactCommon/jsiexecutor`)
  - React-jsinspector (from `../node_modules/react-native/ReactCommon/jsinspector`)
  - React-logger (from `../node_modules/react-native/ReactCommon/logger`)
  - react-native-document-picker (from `../node_modules/react-native-document-picker`)
  - react-native-pager-view (from `../node_modules/react-native-pager-view`)
  - react-native-safe-area-context (from `../node_modules/react-native-safe-area-context`)
  - react-native-webview (from `../node_modules/react-native-webview`)
  - React-perflogger (from `../node_modules/react-native/ReactCommon/reactperflogger`)
  - React-RCTActionSheet (from `../node_modules/react-native/Libraries/ActionSheetIOS`)
  - React-RCTAnimation (from `../node_modules/react-native/Libraries/NativeAnimation`)
  - React-RCTAppDelegate (from `../node_modules/react-native/Libraries/AppDelegate`)
  - React-RCTBlob (from `../node_modules/react-native/Libraries/Blob`)
  - React-RCTFabric (from `../node_modules/react-native/React`)
  - React-RCTImage (from `../node_modules/react-native/Libraries/Image`)
  - React-RCTLinking (from `../node_modules/react-native/Libraries/LinkingIOS`)
  - React-RCTNetwork (from `../node_modules/react-native/Libraries/Network`)
  - React-RCTSettings (from `../node_modules/react-native/Libraries/Settings`)
  - React-RCTText (from `../node_modules/react-native/Libraries/Text`)
  - React-RCTVibration (from `../node_modules/react-native/Libraries/Vibration`)
  - React-rncore (from `../node_modules/react-native/ReactCommon`)
  - React-runtimeexecutor (from `../node_modules/react-native/ReactCommon/runtimeexecutor`)
  - ReactCommon/turbomodule/core (from `../node_modules/react-native/ReactCommon`)
  - "RNCAsyncStorage (from `../node_modules/@react-native-async-storage/async-storage`)"
  - "RNCClipboard (from `../node_modules/@react-native-clipboard/clipboard`)"
  - RNDeviceInfo (from `../node_modules/react-native-device-info`)
  - RNFS (from `../node_modules/react-native-fs`)
  - RNLocalize (from `../node_modules/react-native-localize`)
  - RNReanimated (from `../node_modules/react-native-reanimated`)
  - RNScreens (from `../node_modules/react-native-screens`)
  - RNShare (from `../node_modules/react-native-share`)
  - RNVectorIcons (from `../node_modules/react-native-vector-icons`)
  - UMAppLoader (from `../node_modules/unimodules-app-loader/ios`)
  - Yoga (from `../node_modules/react-native/ReactCommon/yoga`)

SPEC REPOS:
  trunk:
    - AppCenter
    - AppCenterReactNativeShared
    - Base64
    - fmt
    - JWT
    - libevent
    - SSZipArchive

EXTERNAL SOURCES:
  appcenter-analytics:
    :path: "../node_modules/appcenter-analytics"
  appcenter-core:
    :path: "../node_modules/appcenter"
  appcenter-crashes:
    :path: "../node_modules/appcenter-crashes"
  boost:
    :podspec: "../node_modules/react-native/third-party-podspecs/boost.podspec"
  CodePush:
    :path: "../node_modules/react-native-code-push"
  DoubleConversion:
    :podspec: "../node_modules/react-native/third-party-podspecs/DoubleConversion.podspec"
  EXApplication:
    :path: "../node_modules/expo-application/ios"
  EXBackgroundFetch:
    :path: "../node_modules/expo-background-fetch/ios"
  EXCalendar:
    :path: "../node_modules/expo-calendar/ios"
  EXConstants:
    :path: "../node_modules/expo-constants/ios"
  EXFileSystem:
    :path: "../node_modules/expo-file-system/ios"
  EXNotifications:
    :path: "../node_modules/expo-notifications/ios"
  Expo:
    :path: "../node_modules/expo"
  ExpoHaptics:
    :path: "../node_modules/expo-haptics/ios"
  ExpoModulesCore:
    :path: "../node_modules/expo-modules-core"
  EXSecureStore:
    :path: "../node_modules/expo-secure-store/ios"
  EXTaskManager:
    :path: "../node_modules/expo-task-manager/ios"
  FBLazyVector:
    :path: "../node_modules/react-native/Libraries/FBLazyVector"
  FBReactNativeSpec:
    :path: "../node_modules/react-native/React/FBReactNativeSpec"
  glog:
    :podspec: "../node_modules/react-native/third-party-podspecs/glog.podspec"
  hermes-engine:
    :podspec: "../node_modules/react-native/sdks/hermes-engine/hermes-engine.podspec"
  Interactable:
    :path: "../node_modules/react-native-interactable"
  RCT-Folly:
    :podspec: "../node_modules/react-native/third-party-podspecs/RCT-Folly.podspec"
  RCTRequired:
    :path: "../node_modules/react-native/Libraries/RCTRequired"
  RCTTypeSafety:
    :path: "../node_modules/react-native/Libraries/TypeSafety"
  React:
    :path: "../node_modules/react-native/"
  React-callinvoker:
    :path: "../node_modules/react-native/ReactCommon/callinvoker"
  React-Codegen:
    :path: build/generated/ios
  React-Core:
    :path: "../node_modules/react-native/"
  React-CoreModules:
    :path: "../node_modules/react-native/React/CoreModules"
  React-cxxreact:
    :path: "../node_modules/react-native/ReactCommon/cxxreact"
  React-Fabric:
    :path: "../node_modules/react-native/ReactCommon"
  React-graphics:
    :path: "../node_modules/react-native/ReactCommon/react/renderer/graphics"
  React-hermes:
    :path: "../node_modules/react-native/ReactCommon/hermes"
  React-jsi:
    :path: "../node_modules/react-native/ReactCommon/jsi"
  React-jsiexecutor:
    :path: "../node_modules/react-native/ReactCommon/jsiexecutor"
  React-jsinspector:
    :path: "../node_modules/react-native/ReactCommon/jsinspector"
  React-logger:
    :path: "../node_modules/react-native/ReactCommon/logger"
  react-native-document-picker:
    :path: "../node_modules/react-native-document-picker"
  react-native-pager-view:
    :path: "../node_modules/react-native-pager-view"
  react-native-safe-area-context:
    :path: "../node_modules/react-native-safe-area-context"
  react-native-webview:
    :path: "../node_modules/react-native-webview"
  React-perflogger:
    :path: "../node_modules/react-native/ReactCommon/reactperflogger"
  React-RCTActionSheet:
    :path: "../node_modules/react-native/Libraries/ActionSheetIOS"
  React-RCTAnimation:
    :path: "../node_modules/react-native/Libraries/NativeAnimation"
  React-RCTAppDelegate:
    :path: "../node_modules/react-native/Libraries/AppDelegate"
  React-RCTBlob:
    :path: "../node_modules/react-native/Libraries/Blob"
  React-RCTFabric:
    :path: "../node_modules/react-native/React"
  React-RCTImage:
    :path: "../node_modules/react-native/Libraries/Image"
  React-RCTLinking:
    :path: "../node_modules/react-native/Libraries/LinkingIOS"
  React-RCTNetwork:
    :path: "../node_modules/react-native/Libraries/Network"
  React-RCTSettings:
    :path: "../node_modules/react-native/Libraries/Settings"
  React-RCTText:
    :path: "../node_modules/react-native/Libraries/Text"
  React-RCTVibration:
    :path: "../node_modules/react-native/Libraries/Vibration"
  React-rncore:
    :path: "../node_modules/react-native/ReactCommon"
  React-runtimeexecutor:
    :path: "../node_modules/react-native/ReactCommon/runtimeexecutor"
  ReactCommon:
    :path: "../node_modules/react-native/ReactCommon"
  RNCAsyncStorage:
    :path: "../node_modules/@react-native-async-storage/async-storage"
  RNCClipboard:
    :path: "../node_modules/@react-native-clipboard/clipboard"
  RNDeviceInfo:
    :path: "../node_modules/react-native-device-info"
  RNFS:
    :path: "../node_modules/react-native-fs"
  RNLocalize:
    :path: "../node_modules/react-native-localize"
  RNReanimated:
    :path: "../node_modules/react-native-reanimated"
  RNScreens:
    :path: "../node_modules/react-native-screens"
  RNShare:
    :path: "../node_modules/react-native-share"
  RNVectorIcons:
    :path: "../node_modules/react-native-vector-icons"
  UMAppLoader:
    :path: "../node_modules/unimodules-app-loader/ios"
  Yoga:
    :path: "../node_modules/react-native/ReactCommon/yoga"

SPEC CHECKSUMS:
  AppCenter: 3fd04aa1b166e16fdb03ec81dabe488aece83fbd
  appcenter-analytics: 1aea9ada8922d2e2df3e069a28eda21157c9d30d
  appcenter-core: c593b2e4ac28d6a21b6a217c4a5e6b3de7b0b00f
  appcenter-crashes: d9ae1c9296974c1c433600fa2f320e0ba1f12bdf
  AppCenterReactNativeShared: f395caeabde0dc3a11609dbcb737d0f14cd40e79
  Base64: cecfb41a004124895a7bcee567a89bae5a89d49b
  boost: 57d2868c099736d80fcd648bf211b4431e51a558
  CodePush: dce1b253fde81078249ea9cd4b948e4ac7b761a9
  DoubleConversion: 5189b271737e1565bdce30deb4a08d647e3f5f54
  EXApplication: 034b1c40a8e9fe1bff76a1e511ee90dff64ad834
  EXBackgroundFetch: 186248a00a38fc4d22d60ec30e4e751449e785ee
  EXCalendar: 1234457cffa88adfbfbe7f8937e21963f7b0f5b6
  EXConstants: 196b45ec68c2ab6859d5200f520d9e32ea705fe0
  EXFileSystem: ed61548927905e157b95b3b49bd83a26ff24e1ce
  EXNotifications: 2bda232eb900aa6d602e40cad363879ae827d672
  Expo: b9fa98bf260992312ee3c424400819fb9beadafe
  ExpoHaptics: 5a56d30a87ea213dd00b09566dc4b441a4dff97f
  ExpoModulesCore: faf895df37a73853034d34b7f16c0886741fe361
  EXSecureStore: daec0117c922a67c658cb229152a9e252e5c1750
  EXTaskManager: 0afcc6fd813dec5dee98aa5ec4f22c2a840dd4a7
  FBLazyVector: ad72713385db5289b19f1ead07e8e4aa26dcb01d
  FBReactNativeSpec: df2602c11e33d310433496e28a48b4b2be652a61
  fmt: ff9d55029c625d3757ed641535fd4a75fedc7ce9
  glog: 04b94705f318337d7ead9e6d17c019bd9b1f6b1b
  hermes-engine: 922ccd744f50d9bfde09e9677bf0f3b562ea5fb9
  Interactable: 411887c89fa16ac41f8e7898aca06dcad55e5f22
  JWT: ef71dfb03e1f842081e64dc42eef0e164f35d251
  libevent: 4049cae6c81cdb3654a443be001fb9bdceff7913
  RCT-Folly: 424b8c9a7a0b9ab2886ffe9c3b041ef628fd4fb1
  RCTRequired: fd4d923b964658aa0c4091a32c8b2004c6d9e3a6
  RCTTypeSafety: c276d85975bde3d8448907235c70bf0da257adfd
  React: e481a67971af1ce9639c9f746b753dd0e84ca108
  React-callinvoker: 1051c04a94fa9d243786b86380606bad701a3b31
  React-Codegen: 1e9399e01f77a4bc3e784df7fbd7ea63385c3b99
  React-Core: 698fc3baecb80d511d987475a16d036cec6d287f
  React-CoreModules: 59245305f41ff0adfeac334acc0594dea4585a7c
  React-cxxreact: 49accd2954b0f532805dbcd1918fa6962f32f247
  React-Fabric: 30982dc19c7511bedf1751b0a0c21a5b816e2a3e
  React-graphics: beabc29b026e7472ced1482557effedd15a09cf1
  React-hermes: d068733294581a085e95b6024e8d951b005e26d3
  React-jsi: 122b9bce14f4c6c7cb58f28f87912cfe091885fa
  React-jsiexecutor: 60cf272aababc5212410e4249d17cea14fc36caa
  React-jsinspector: ff56004b0c974b688a6548c156d5830ad751ae07
  React-logger: 60a0b5f8bed667ecf9e24fecca1f30d125de6d75
  react-native-document-picker: 958e2bc82e128be69055be261aeac8d872c8d34c
  react-native-pager-view: 54bed894cecebe28cede54c01038d9d1e122de43
  react-native-safe-area-context: 39c2d8be3328df5d437ac1700f4f3a4f75716acc
  react-native-webview: 9f111dfbcfc826084d6c507f569e5e03342ee1c1
  React-perflogger: ec8eef2a8f03ecfa6361c2c5fb9197ef4a29cc85
  React-RCTActionSheet: a0c023b86cf4c862fa9c4eb0f6f91fbe878fb2de
  React-RCTAnimation: 168d53718c74153947c0109f55900faa64d79439
  React-RCTAppDelegate: a8efbab128b34aa07a9491c85a41401210b1bec5
  React-RCTBlob: 9bcbfc893bfda9f6b2eb016329d38c0f6366d31a
  React-RCTFabric: cec4e89720e8778aa132e5515be1af251d2e9b6a
  React-RCTImage: 3fcd4570b4b0f1ac2f4b4b6308dba33ce66c5b50
  React-RCTLinking: 1edb8e1bb3fc39bf9e13c63d6aaaa3f0c3d18683
  React-RCTNetwork: 500a79e0e0f67678077df727fabba87a55c043e1
  React-RCTSettings: cc4414eb84ad756d619076c3999fecbf12896d6f
  React-RCTText: 2a34261f3da6e34f47a62154def657546ebfa5e1
  React-RCTVibration: 49d531ec8498e0afa2c9b22c2205784372e3d4f3
  React-rncore: 172bf6427b2ee5b7afd2c6f87ee3bfeb550277cb
  React-runtimeexecutor: 311feb67600774723fe10eb8801d3138cae9ad67
  ReactCommon: 03be76588338a27a88d103b35c3c44a3fd43d136
  RNCAsyncStorage: 8616bd5a58af409453ea4e1b246521bb76578d60
  RNCClipboard: 2834e1c4af68697089cdd455ee4a4cdd198fa7dd
  RNDeviceInfo: 4701f0bf2a06b34654745053db0ce4cb0c53ada7
  RNFS: 4ac0f0ea233904cb798630b3c077808c06931688
  RNLocalize: 0df7970cfc60389f00eb62fd7c097dc75af3fb4f
  RNReanimated: fbc356493970e3acddc15586b1bccb5eab3ff1ec
  RNScreens: ea4cd3a853063cda19a4e3c28d2e52180c80f4eb
  RNShare: 48b3113cd089a2be8ff0515c3ae7a46a4db8a76b
  RNVectorIcons: de9e5ca073ad6d56ad06e7b853b116e68288c032
  SSZipArchive: 62d4947b08730e4cda640473b0066d209ff033c9
  UMAppLoader: 354d71d2d2ce8d6c19fb13d72b9c8209b18a8c56
  Yoga: 921eb014669cf9c718ada68b08d362517d564e0c

PODFILE CHECKSUM: af71682d2d30cda5977c7d6166cbd7cb8fb4e345

COCOAPODS: 1.11.3
